
Microsoft Visual Studio Solution File, Format Version 12.00
# Visual Studio Version 17
VisualStudioVersion = 17.13.35931.197 d17.13
MinimumVisualStudioVersion = 10.0.40219.1
Project("{FAE04EC0-301F-11D3-BF4B-00C04F79EFBC}") = "prjSocialMediaPlatform", "prjSocialMediaPlatform\prjSocialMediaPlatform.csproj", "{B52FD8FF-B6BE-4247-834E-53E0A302ADEC}"
EndProject
Global
	GlobalSection(SolutionConfigurationPlatforms) = preSolution
		Debug|Any CPU = Debug|Any CPU
		Release|Any CPU = Release|Any CPU
	EndGlobalSection
	GlobalSection(ProjectConfigurationPlatforms) = postSolution
		{B52FD8FF-B6BE-4247-834E-53E0A302ADEC}.Debug|Any CPU.ActiveCfg = Debug|Any CPU
		{B52FD8FF-B6BE-4247-834E-53E0A302ADEC}.Debug|Any CPU.Build.0 = Debug|Any CPU
		{B52FD8FF-B6BE-4247-834E-53E0A302ADEC}.Release|Any CPU.ActiveCfg = Release|Any CPU
		{B52FD8FF-B6BE-4247-834E-53E0A302ADEC}.Release|Any CPU.Build.0 = Release|Any CPU
	EndGlobalSection
	GlobalSection(SolutionProperties) = preSolution
		HideSolutionNode = FALSE
	EndGlobalSection
	GlobalSection(ExtensibilityGlobals) = postSolution
		SolutionGuid = {7479877F-476A-42E1-B4EA-678B7DD52306}
	EndGlobalSection
EndGlobal
